# SPDX-License-Identifier: AGPL-3.0-or-later
# os-id|version-prefix|architecture|nginx-source-version|nginx-package-version|format|worker|module-directory|loader-path
debian|13|amd64|1.26.3|1.26.3-3+deb13u7|deb|www-data|/usr/lib/nginx/modules|/etc/nginx/modules-enabled/50-stackfort-coraza.conf
ubuntu|26.04|amd64|1.28.3|1.28.3-2ubuntu1.10|deb|www-data|/usr/lib/nginx/modules|/etc/nginx/modules-enabled/50-stackfort-coraza.conf
rocky|10|amd64|1.26.3|2:1.26.3-6.el10_2.6|rpm|nginx|/usr/lib64/nginx/modules|/usr/share/nginx/modules/50-stackfort-coraza.conf
